// !$*UTF8*$!
{
	archiveVersion = 1;
	classes = {
	};
	objectVersion = 48;
	objects = {

/* Begin PBXBuildFile section */
		CB75F7D81FD55014000551C3 /* AppDelegate.m in Sources */ = {isa = PBXBuildFile; fileRef = CB75F7D71FD55014000551C3 /* AppDelegate.m */; };
		CB75F7DB1FD55014000551C3 /* ViewController.m in Sources */ = {isa = PBXBuildFile; fileRef = CB75F7DA1FD55014000551C3 /* ViewController.m */; };
		CB75F7DE1FD55014000551C3 /* Main.storyboard in Resources */ = {isa = PBXBuildFile; fileRef = CB75F7DC1FD55014000551C3 /* Main.storyboard */; };
		CB75F7E01FD55014000551C3 /* Assets.xcassets in Resources */ = {isa = PBXBuildFile; fileRef = CB75F7DF1FD55014000551C3 /* Assets.xcassets */; };
		CB75F7E31FD55014000551C3 /* LaunchScreen.storyboard in Resources */ = {isa = PBXBuildFile; fileRef = CB75F7E11FD55014000551C3 /* LaunchScreen.storyboard */; };
		CB75F7E61FD55014000551C3 /* main.m in Sources */ = {isa = PBXBuildFile; fileRef = CB75F7E51FD55014000551C3 /* main.m */; };
		CB75F7EE1FD55073000551C3 /* BaseTableView.m in Sources */ = {isa = PBXBuildFile; fileRef = CB75F7ED1FD55073000551C3 /* BaseTableView.m */; };
		CB75F7F11FD55495000551C3 /* LeftTableView.m in Sources */ = {isa = PBXBuildFile; fileRef = CB75F7F01FD55495000551C3 /* LeftTableView.m */; };
		CB75F7F41FD554A8000551C3 /* MiddleTableView.m in Sources */ = {isa = PBXBuildFile; fileRef = CB75F7F31FD554A8000551C3 /* MiddleTableView.m */; };
		CB75F7F71FD554B3000551C3 /* RightTableView.m in Sources */ = {isa = PBXBuildFile; fileRef = CB75F7F61FD554B3000551C3 /* RightTableView.m */; };
/* End PBXBuildFile section */

/* Begin PBXFileReference section */
		CB75F7D31FD55014000551C3 /* WMTTTTAAB.app */ = {isa = PBXFileReference; explicitFileType = wrapper.application; includeInIndex = 0; path = WMTTTTAAB.app; sourceTree = BUILT_PRODUCTS_DIR; };
		CB75F7D61FD55014000551C3 /* AppDelegate.h */ = {isa = PBXFileReference; lastKnownFileType = sourcecode.c.h; path = AppDelegate.h; sourceTree = "<group>"; };
		CB75F7D71FD55014000551C3 /* AppDelegate.m */ = {isa = PBXFileReference; lastKnownFileType = sourcecode.c.objc; path = AppDelegate.m; sourceTree = "<group>"; };
		CB75F7D91FD55014000551C3 /* ViewController.h */ = {isa = PBXFileReference; lastKnownFileType = sourcecode.c.h; path = ViewController.h; sourceTree = "<group>"; };
		CB75F7DA1FD55014000551C3 /* ViewController.m */ = {isa = PBXFileReference; lastKnownFileType = sourcecode.c.objc; path = ViewController.m; sourceTree = "<group>"; };
		CB75F7DD1FD55014000551C3 /* Base */ = {isa = PBXFileReference; lastKnownFileType = file.storyboard; name = Base; path = Base.lproj/Main.storyboard; sourceTree = "<group>"; };
		CB75F7DF1FD55014000551C3 /* Assets.xcassets */ = {isa = PBXFileReference; lastKnownFileType = folder.assetcatalog; path = Assets.xcassets; sourceTree = "<group>"; };
		CB75F7E21FD55014000551C3 /* Base */ = {isa = PBXFileReference; lastKnownFileType = file.storyboard; name = Base; path = Base.lproj/LaunchScreen.storyboard; sourceTree = "<group>"; };
		CB75F7E41FD55014000551C3 /* Info.plist */ = {isa = PBXFileReference; lastKnownFileType = text.plist.xml; path = Info.plist; sourceTree = "<group>"; };
		CB75F7E51FD55014000551C3 /* main.m */ = {isa = PBXFileReference; lastKnownFileType = sourcecode.c.objc; path = main.m; sourceTree = "<group>"; };
		CB75F7EC1FD55073000551C3 /* BaseTableView.h */ = {isa = PBXFileReference; lastKnownFileType = sourcecode.c.h; path = BaseTableView.h; sourceTree = "<group>"; };
		CB75F7ED1FD55073000551C3 /* BaseTableView.m */ = {isa = PBXFileReference; lastKnownFileType = sourcecode.c.objc; path = BaseTableView.m; sourceTree = "<group>"; };
		CB75F7EF1FD55495000551C3 /* LeftTableView.h */ = {isa = PBXFileReference; lastKnownFileType = sourcecode.c.h; path = LeftTableView.h; sourceTree = "<group>"; };
		CB75F7F01FD55495000551C3 /* LeftTableView.m */ = {isa = PBXFileReference; lastKnownFileType = sourcecode.c.objc; path = LeftTableView.m; sourceTree = "<group>"; };
		CB75F7F21FD554A8000551C3 /* MiddleTableView.h */ = {isa = PBXFileReference; lastKnownFileType = sourcecode.c.h; path = MiddleTableView.h; sourceTree = "<group>"; };
		CB75F7F31FD554A8000551C3 /* MiddleTableView.m */ = {isa = PBXFileReference; lastKnownFileType = sourcecode.c.objc; path = MiddleTableView.m; sourceTree = "<group>"; };
		CB75F7F51FD554B3000551C3 /* RightTableView.h */ = {isa = PBXFileReference; lastKnownFileType = sourcecode.c.h; path = RightTableView.h; sourceTree = "<group>"; };
		CB75F7F61FD554B3000551C3 /* RightTableView.m */ = {isa = PBXFileReference; lastKnownFileType = sourcecode.c.objc; path = RightTableView.m; sourceTree = "<group>"; };
/* End PBXFileReference section */

/* Begin PBXFrameworksBuildPhase section */
		CB75F7D01FD55014000551C3 /* Frameworks */ = {
			isa = PBXFrameworksBuildPhase;
			buildActionMask = 2147483647;
			files = (
			);
			runOnlyForDeploymentPostprocessing = 0;
		};
/* End PBXFrameworksBuildPhase section */

/* Begin PBXGroup section */
		CB75F7CA1FD55014000551C3 = {
			isa = PBXGroup;
			children = (
				CB75F7D51FD55014000551C3 /* WMTTTTAAB */,
				CB75F7D41FD55014000551C3 /* Products */,
			);
			sourceTree = "<group>";
		};
		CB75F7D41FD55014000551C3 /* Products */ = {
			isa = PBXGroup;
			children = (
				CB75F7D31FD55014000551C3 /* WMTTTTAAB.app */,
			);
			name = Products;
			sourceTree = "<group>";
		};
		CB75F7D51FD55014000551C3 /* WMTTTTAAB */ = {
			isa = PBXGroup;
			children = (
				CB75F7D61FD55014000551C3 /* AppDelegate.h */,
				CB75F7D71FD55014000551C3 /* AppDelegate.m */,
				CB75F7D91FD55014000551C3 /* ViewController.h */,
				CB75F7DA1FD55014000551C3 /* ViewController.m */,
				CB75F7DC1FD55014000551C3 /* Main.storyboard */,
				CB75F7DF1FD55014000551C3 /* Assets.xcassets */,
				CB75F7E11FD55014000551C3 /* LaunchScreen.storyboard */,
				CB75F7E41FD55014000551C3 /* Info.plist */,
				CB75F7E51FD55014000551C3 /* main.m */,
				CB75F7EC1FD55073000551C3 /* BaseTableView.h */,
				CB75F7ED1FD55073000551C3 /* BaseTableView.m */,
				CB75F7EF1FD55495000551C3 /* LeftTableView.h */,
				CB75F7F01FD55495000551C3 /* LeftTableView.m */,
				CB75F7F21FD554A8000551C3 /* MiddleTableView.h */,
				CB75F7F31FD554A8000551C3 /* MiddleTableView.m */,
				CB75F7F51FD554B3000551C3 /* RightTableView.h */,
				CB75F7F61FD554B3000551C3 /* RightTableView.m */,
			);
			path = WMTTTTAAB;
			sourceTree = "<group>";
		};
/* End PBXGroup section */

/* Begin PBXNativeTarget section */
		CB75F7D21FD55014000551C3 /* WMTTTTAAB */ = {
			isa = PBXNativeTarget;
			buildConfigurationList = CB75F7E91FD55014000551C3 /* Build configuration list for PBXNativeTarget "WMTTTTAAB" */;
			buildPhases = (
				CB75F7CF1FD55014000551C3 /* Sources */,
				CB75F7D01FD55014000551C3 /* Frameworks */,
				CB75F7D11FD55014000551C3 /* Resources */,
			);
			buildRules = (
			);
			dependencies = (
			);
			name = WMTTTTAAB;
			productName = WMTTTTAAB;
			productReference = CB75F7D31FD55014000551C3 /* WMTTTTAAB.app */;
			productType = "com.apple.product-type.application";
		};
/* End PBXNativeTarget section */

/* Begin PBXProject section */
		CB75F7CB1FD55014000551C3 /* Project object */ = {
			isa = PBXProject;
			attributes = {
				LastUpgradeCheck = 0910;
				ORGANIZATIONNAME = yuki.wang;
				TargetAttributes = {
					CB75F7D21FD55014000551C3 = {
						CreatedOnToolsVersion = 9.1;
						ProvisioningStyle = Automatic;
					};
				};
			};
			buildConfigurationList = CB75F7CE1FD55014000551C3 /* Build configuration list for PBXProject "WMTTTTAAB" */;
			compatibilityVersion = "Xcode 8.0";
			developmentRegion = en;
			hasScannedForEncodings = 0;
			knownRegions = (
				en,
				Base,
			);
			mainGroup = CB75F7CA1FD55014000551C3;
			productRefGroup = CB75F7D41FD55014000551C3 /* Products */;
			projectDirPath = "";
			projectRoot = "";
			targets = (
				CB75F7D21FD55014000551C3 /* WMTTTTAAB */,
			);
		};
/* End PBXProject section */

/* Begin PBXResourcesBuildPhase section */
		CB75F7D11FD55014000551C3 /* Resources */ = {
			isa = PBXResourcesBuildPhase;
			buildActionMask = 2147483647;
			files = (
				CB75F7E31FD55014000551C3 /* LaunchScreen.storyboard in Resources */,
				CB75F7E01FD55014000551C3 /* Assets.xcassets in Resources */,
				CB75F7DE1FD55014000551C3 /* Main.storyboard in Resources */,
			);
			runOnlyForDeploymentPostprocessing = 0;
		};
/* End PBXResourcesBuildPhase section */

/* Begin PBXSourcesBuildPhase section */
		CB75F7CF1FD55014000551C3 /* Sources */ = {
			isa = PBXSourcesBuildPhase;
			buildActionMask = 2147483647;
			files = (
				CB75F7F41FD554A8000551C3 /* MiddleTableView.m in Sources */,
				CB75F7F71FD554B3000551C3 /* RightTableView.m in Sources */,
				CB75F7EE1FD55073000551C3 /* BaseTableView.m in Sources */,
				CB75F7DB1FD55014000551C3 /* ViewController.m in Sources */,
				CB75F7E61FD55014000551C3 /* main.m in Sources */,
				CB75F7D81FD55014000551C3 /* AppDelegate.m in Sources */,
				CB75F7F11FD55495000551C3 /* LeftTableView.m in Sources */,
			);
			runOnlyForDeploymentPostprocessing = 0;
		};
/* End PBXSourcesBuildPhase section */

/* Begin PBXVariantGroup section */
		CB75F7DC1FD55014000551C3 /* Main.storyboard */ = {
			isa = PBXVariantGroup;
			children = (
				CB75F7DD1FD55014000551C3 /* Base */,
			);
			name = Main.storyboard;
			sourceTree = "<group>";
		};
		CB75F7E11FD55014000551C3 /* LaunchScreen.storyboard */ = {
			isa = PBXVariantGroup;
			children = (
				CB75F7E21FD55014000551C3 /* Base */,
			);
			name = LaunchScreen.storyboard;
			sourceTree = "<group>";
		};
/* End PBXVariantGroup section */

/* Begin XCBuildConfiguration section */
		CB75F7E71FD55014000551C3 /* Debug */ = {
			isa = XCBuildConfiguration;
			buildSettings = {
				ALWAYS_SEARCH_USER_PATHS = NO;
				CLANG_ANALYZER_NONNULL = YES;
				CLANG_ANALYZER_NUMBER_OBJECT_CONVERSION = YES_AGGRESSIVE;
				CLANG_CXX_LANGUAGE_STANDARD = "gnu++14";
				CLANG_CXX_LIBRARY = "libc++";
				CLANG_ENABLE_MODULES = YES;
				CLANG_ENABLE_OBJC_ARC = YES;
				CLANG_WARN_BLOCK_CAPTURE_AUTORELEASING = YES;
				CLANG_WARN_BOOL_CONVERSION = YES;
				CLANG_WARN_COMMA = YES;
				CLANG_WARN_CONSTANT_CONVERSION = YES;
				CLANG_WARN_DIRECT_OBJC_ISA_USAGE = YES_ERROR;
				CLANG_WARN_DOCUMENTATION_COMMENTS = YES;
				CLANG_WARN_EMPTY_BODY = YES;
				CLANG_WARN_ENUM_CONVERSION = YES;
				CLANG_WARN_INFINITE_RECURSION = YES;
				CLANG_WARN_INT_CONVERSION = YES;
				CLANG_WARN_NON_LITERAL_NULL_CONVERSION = YES;
				CLANG_WARN_OBJC_LITERAL_CONVERSION = YES;
				CLANG_WARN_OBJC_ROOT_CLASS = YES_ERROR;
				CLANG_WARN_RANGE_LOOP_ANALYSIS = YES;
				CLANG_WARN_STRICT_PROTOTYPES = YES;
				CLANG_WARN_SUSPICIOUS_MOVE = YES;
				CLANG_WARN_UNGUARDED_AVAILABILITY = YES_AGGRESSIVE;
				CLANG_WARN_UNREACHABLE_CODE = YES;
				CLANG_WARN__DUPLICATE_METHOD_MATCH = YES;
				CODE_SIGN_IDENTITY = "iPhone Developer";
				COPY_PHASE_STRIP = NO;
				DEBUG_INFORMATION_FORMAT = dwarf;
				ENABLE_STRICT_OBJC_MSGSEND = YES;
				ENABLE_TESTABILITY = YES;
				GCC_C_LANGUAGE_STANDARD = gnu11;
				GCC_DYNAMIC_NO_PIC = NO;
				GCC_NO_COMMON_BLOCKS = YES;
				GCC_OPTIMIZATION_LEVEL = 0;
				GCC_PREPROCESSOR_DEFINITIONS = (
					"DEBUG=1",
					"$(inherited)",
				);
				GCC_WARN_64_TO_32_BIT_CONVERSION = YES;
				GCC_WARN_ABOUT_RETURN_TYPE = YES_ERROR;
				GCC_WARN_UNDECLARED_SELECTOR = YES;
				GCC_WARN_UNINITIALIZED_AUTOS = YES_AGGRESSIVE;
				GCC_WARN_UNUSED_FUNCTION = YES;
				GCC_WARN_UNUSED_VARIABLE = YES;
				IPHONEOS_DEPLOYMENT_TARGET = 11.1;
				MTL_ENABLE_DEBUG_INFO = YES;
				ONLY_ACTIVE_ARCH = YES;
				SDKROOT = iphoneos;
			};
			name = Debug;
		};
		CB75F7E81FD55014000551C3 /* Release */ = {
			isa = XCBuildConfiguration;
			buildSettings = {
				ALWAYS_SEARCH_USER_PATHS = NO;
				CLANG_ANALYZER_NONNULL = YES;
				CLANG_ANALYZER_NUMBER_OBJECT_CONVERSION = YES_AGGRESSIVE;
				CLANG_CXX_LANGUAGE_STANDARD = "gnu++14";
				CLANG_CXX_LIBRARY = "libc++";
				CLANG_ENABLE_MODULES = YES;
				CLANG_ENABLE_OBJC_ARC = YES;
				CLANG_WARN_BLOCK_CAPTURE_AUTORELEASING = YES;
				CLANG_WARN_BOOL_CONVERSION = YES;
				CLANG_WARN_COMMA = YES;
				CLANG_WARN_CONSTANT_CONVERSION = YES;
				CLANG_WARN_DIRECT_OBJC_ISA_USAGE = YES_ERROR;
				CLANG_WARN_DOCUMENTATION_COMMENTS = YES;
				CLANG_WARN_EMPTY_BODY = YES;
				CLANG_WARN_ENUM_CONVERSION = YES;
				CLANG_WARN_INFINITE_RECURSION = YES;
				CLANG_WARN_INT_CONVERSION = YES;
				CLANG_WARN_NON_LITERAL_NULL_CONVERSION = YES;
				CLANG_WARN_OBJC_LITERAL_CONVERSION = YES;
				CLANG_WARN_OBJC_ROOT_CLASS = YES_ERROR;
				CLANG_WARN_RANGE_LOOP_ANALYSIS = YES;
				CLANG_WARN_STRICT_PROTOTYPES = YES;
				CLANG_WARN_SUSPICIOUS_MOVE = YES;
				CLANG_WARN_UNGUARDED_AVAILABILITY = YES_AGGRESSIVE;
				CLANG_WARN_UNREACHABLE_CODE = YES;
				CLANG_WARN__DUPLICATE_METHOD_MATCH = YES;
				CODE_SIGN_IDENTITY = "iPhone Developer";
				COPY_PHASE_STRIP = NO;
				DEBUG_INFORMATION_FORMAT = "dwarf-with-dsym";
				ENABLE_NS_ASSERTIONS = NO;
				ENABLE_STRICT_OBJC_MSGSEND = YES;
				GCC_C_LANGUAGE_STANDARD = gnu11;
				GCC_NO_COMMON_BLOCKS = YES;
				GCC_WARN_64_TO_32_BIT_CONVERSION = YES;
				GCC_WARN_ABOUT_RETURN_TYPE = YES_ERROR;
				GCC_WARN_UNDECLARED_SELECTOR = YES;
				GCC_WARN_UNINITIALIZED_AUTOS = YES_AGGRESSIVE;
				GCC_WARN_UNUSED_FUNCTION = YES;
				GCC_WARN_UNUSED_VARIABLE = YES;
				IPHONEOS_DEPLOYMENT_TARGET = 11.1;
				MTL_ENABLE_DEBUG_INFO = NO;
				SDKROOT = iphoneos;
				VALIDATE_PRODUCT = YES;
			};
			name = Release;
		};
		CB75F7EA1FD55014000551C3 /* Debug */ = {
			isa = XCBuildConfiguration;
			buildSettings = {
				ASSETCATALOG_COMPILER_APPICON_NAME = AppIcon;
				CODE_SIGN_STYLE = Automatic;
				INFOPLIST_FILE = WMTTTTAAB/Info.plist;
				LD_RUNPATH_SEARCH_PATHS = "$(inherited) @executable_path/Frameworks";
				PRODUCT_BUNDLE_IDENTIFIER = test.WMTTTTAAB;
				PRODUCT_NAME = "$(TARGET_NAME)";
				TARGETED_DEVICE_FAMILY = "1,2";
			};
			name = Debug;
		};
		CB75F7EB1FD55014000551C3 /* Release */ = {
			isa = XCBuildConfiguration;
			buildSettings = {
				ASSETCATALOG_COMPILER_APPICON_NAME = AppIcon;
				CODE_SIGN_STYLE = Automatic;
				INFOPLIST_FILE = WMTTTTAAB/Info.plist;
				LD_RUNPATH_SEARCH_PATHS = "$(inherited) @executable_path/Frameworks";
				PRODUCT_BUNDLE_IDENTIFIER = test.WMTTTTAAB;
				PRODUCT_NAME = "$(TARGET_NAME)";
				TARGETED_DEVICE_FAMILY = "1,2";
			};
			name = Release;
		};
/* End XCBuildConfiguration section */

/* Begin XCConfigurationList section */
		CB75F7CE1FD55014000551C3 /* Build configuration list for PBXProject "WMTTTTAAB" */ = {
			isa = XCConfigurationList;
			buildConfigurations = (
				CB75F7E71FD55014000551C3 /* Debug */,
				CB75F7E81FD55014000551C3 /* Release */,
			);
			defaultConfigurationIsVisible = 0;
			defaultConfigurationName = Release;
		};
		CB75F7E91FD55014000551C3 /* Build configuration list for PBXNativeTarget "WMTTTTAAB" */ = {
			isa = XCConfigurationList;
			buildConfigurations = (
				CB75F7EA1FD55014000551C3 /* Debug */,
				CB75F7EB1FD55014000551C3 /* Release */,
			);
			defaultConfigurationIsVisible = 0;
			defaultConfigurationName = Release;
		};
/* End XCConfigurationList section */
	};
	rootObject = CB75F7CB1FD55014000551C3 /* Project object */;
}
